
Microsoft Visual Studio Solution File, Format Version 12.00
# Visual Studio Version 16
VisualStudioVersion = 16.0.32930.78
MinimumVisualStudioVersion = 10.0.40219.1
Project("{FAE04EC0-301F-11D3-BF4B-00C04F79EFBC}") = "EY.WAM.Plugins", "EY.WAM.Plugins\EY.WAM.Plugins.csproj", "{5B9404C1-06B2-4F6B-99C1-F41228419332}"
EndProject
Project("{2150E333-8FDC-42A3-9474-1A3956D46DE8}") = "Core", "Core", "{6B4B6100-775B-418E-95E2-725530B53422}"
EndProject
Project("{2150E333-8FDC-42A3-9474-1A3956D46DE8}") = "Helpers", "Helpers", "{FDD69858-6A38-4A72-9375-F5DA9F58FD40}"
EndProject
Project("{2150E333-8FDC-42A3-9474-1A3956D46DE8}") = "Base", "Base", "{9F9FE92F-670D-4F4C-A87D-101084E8C539}"
EndProject
Project("{D954291E-2A0B-460D-934E-DC6B0785DB48}") = "EY.WAM.Base", "EY.WAM.Base\EY.WAM.Base.shproj", "{98E6BEA9-5B51-4CDF-92CA-8B7A57B57903}"
EndProject
Project("{D954291E-2A0B-460D-934E-DC6B0785DB48}") = "EY.WAM.Extensions", "EY.WAM.Extensions\EY.WAM.Extensions.shproj", "{C8111236-E455-49BB-8AAE-E576F62116F3}"
EndProject
Project("{D954291E-2A0B-460D-934E-DC6B0785DB48}") = "EY.WAM.BaseExtension", "EY.WAM.BaseExtension\EY.WAM.BaseExtension.shproj", "{28D7C48B-40CA-4C92-9CA2-2D1C16E021EB}"
EndProject
Project("{D954291E-2A0B-460D-934E-DC6B0785DB48}") = "EY.WAM.Logic", "EY.WAM.Logic\EY.WAM.Logic.shproj", "{84BB522A-64DF-4CD5-B539-0E6A501C3B96}"
EndProject
Project("{D954291E-2A0B-460D-934E-DC6B0785DB48}") = "EY.WAM.Model", "EY.WAM.Model\EY.WAM.Model.shproj", "{AC1544DB-39B7-4FA9-9045-D5887B78DDFA}"
EndProject
Project("{D954291E-2A0B-460D-934E-DC6B0785DB48}") = "EY.WAM.Helpers", "EY.WAM.Helpers\EY.WAM.Helpers.shproj", "{40B3FDE5-4CDB-4869-A09E-71181C7F0715}"
EndProject
Project("{FAE04EC0-301F-11D3-BF4B-00C04F79EFBC}") = "EY.WAM.UnitTest", "EY.WAM.UnitTest\EY.WAM.UnitTest.csproj", "{D25EE712-C6BA-4F5C-AD65-431B809A0B2A}"
EndProject
Global
	GlobalSection(SharedMSBuildProjectFiles) = preSolution
		EY.WAM.BaseExtension\EY.WAM.BaseExtension.projitems*{28d7c48b-40ca-4c92-9ca2-2d1c16e021eb}*SharedItemsImports = 13
		EY.WAM.Helpers\EY.WAM.Helpers.projitems*{40b3fde5-4cdb-4869-a09e-71181c7f0715}*SharedItemsImports = 13
		EY.WAM.BaseExtension\EY.WAM.BaseExtension.projitems*{5b9404c1-06b2-4f6b-99c1-f41228419332}*SharedItemsImports = 4
		EY.WAM.Base\EY.WAM.Base.projitems*{5b9404c1-06b2-4f6b-99c1-f41228419332}*SharedItemsImports = 4
		EY.WAM.Extensions\EY.WAM.Extensions.projitems*{5b9404c1-06b2-4f6b-99c1-f41228419332}*SharedItemsImports = 4
		EY.WAM.Helpers\EY.WAM.Helpers.projitems*{5b9404c1-06b2-4f6b-99c1-f41228419332}*SharedItemsImports = 4
		EY.WAM.Logic\EY.WAM.Logic.projitems*{5b9404c1-06b2-4f6b-99c1-f41228419332}*SharedItemsImports = 4
		EY.WAM.Model\EY.WAM.Model.projitems*{5b9404c1-06b2-4f6b-99c1-f41228419332}*SharedItemsImports = 4
		EY.WAM.Logic\EY.WAM.Logic.projitems*{84bb522a-64df-4cd5-b539-0e6a501c3b96}*SharedItemsImports = 13
		EY.WAM.Base\EY.WAM.Base.projitems*{98e6bea9-5b51-4cdf-92ca-8b7a57b57903}*SharedItemsImports = 13
		EY.WAM.Model\EY.WAM.Model.projitems*{ac1544db-39b7-4fa9-9045-d5887b78ddfa}*SharedItemsImports = 13
		EY.WAM.Extensions\EY.WAM.Extensions.projitems*{c8111236-e455-49bb-8aae-e576f62116f3}*SharedItemsImports = 13
	EndGlobalSection
	GlobalSection(SolutionConfigurationPlatforms) = preSolution
		Debug|Any CPU = Debug|Any CPU
		Release|Any CPU = Release|Any CPU
	EndGlobalSection
	GlobalSection(ProjectConfigurationPlatforms) = postSolution
		{5B9404C1-06B2-4F6B-99C1-F41228419332}.Debug|Any CPU.ActiveCfg = Debug|Any CPU
		{5B9404C1-06B2-4F6B-99C1-F41228419332}.Debug|Any CPU.Build.0 = Debug|Any CPU
		{5B9404C1-06B2-4F6B-99C1-F41228419332}.Release|Any CPU.ActiveCfg = Release|Any CPU
		{5B9404C1-06B2-4F6B-99C1-F41228419332}.Release|Any CPU.Build.0 = Release|Any CPU
		{D25EE712-C6BA-4F5C-AD65-431B809A0B2A}.Debug|Any CPU.ActiveCfg = Debug|Any CPU
		{D25EE712-C6BA-4F5C-AD65-431B809A0B2A}.Debug|Any CPU.Build.0 = Debug|Any CPU
		{D25EE712-C6BA-4F5C-AD65-431B809A0B2A}.Release|Any CPU.ActiveCfg = Release|Any CPU
		{D25EE712-C6BA-4F5C-AD65-431B809A0B2A}.Release|Any CPU.Build.0 = Release|Any CPU
	EndGlobalSection
	GlobalSection(SolutionProperties) = preSolution
		HideSolutionNode = FALSE
	EndGlobalSection
	GlobalSection(NestedProjects) = preSolution
		{5B9404C1-06B2-4F6B-99C1-F41228419332} = {6B4B6100-775B-418E-95E2-725530B53422}
		{98E6BEA9-5B51-4CDF-92CA-8B7A57B57903} = {9F9FE92F-670D-4F4C-A87D-101084E8C539}
		{C8111236-E455-49BB-8AAE-E576F62116F3} = {FDD69858-6A38-4A72-9375-F5DA9F58FD40}
		{28D7C48B-40CA-4C92-9CA2-2D1C16E021EB} = {9F9FE92F-670D-4F4C-A87D-101084E8C539}
		{84BB522A-64DF-4CD5-B539-0E6A501C3B96} = {6B4B6100-775B-418E-95E2-725530B53422}
		{AC1544DB-39B7-4FA9-9045-D5887B78DDFA} = {6B4B6100-775B-418E-95E2-725530B53422}
		{40B3FDE5-4CDB-4869-A09E-71181C7F0715} = {FDD69858-6A38-4A72-9375-F5DA9F58FD40}
		{D25EE712-C6BA-4F5C-AD65-431B809A0B2A} = {6B4B6100-775B-418E-95E2-725530B53422}
	EndGlobalSection
	GlobalSection(ExtensibilityGlobals) = postSolution
		SolutionGuid = {BF5492B7-C2D4-4334-ACD2-1FE5F6DA6B6E}
	EndGlobalSection
EndGlobal
